
Microsoft Visual Studio Solution File, Format Version 12.00
# Visual Studio Version 17
VisualStudioVersion = 17.13.35919.96 d17.13
MinimumVisualStudioVersion = 10.0.40219.1
Project("{FAE04EC0-301F-11D3-BF4B-00C04F79EFBC}") = "TimeShot", "TimeShot\TimeShot.csproj", "{092A52A6-CDE3-4C75-AC13-7DDCE22E5825}"
EndProject
Global
	GlobalSection(SolutionConfigurationPlatforms) = preSolution
		Debug|Any CPU = Debug|Any CPU
		Release|Any CPU = Release|Any CPU
	EndGlobalSection
	GlobalSection(ProjectConfigurationPlatforms) = postSolution
		{092A52A6-CDE3-4C75-AC13-7DDCE22E5825}.Debug|Any CPU.ActiveCfg = Debug|Any CPU
		{092A52A6-CDE3-4C75-AC13-7DDCE22E5825}.Debug|Any CPU.Build.0 = Debug|Any CPU
		{092A52A6-CDE3-4C75-AC13-7DDCE22E5825}.Release|Any CPU.ActiveCfg = Release|Any CPU
		{092A52A6-CDE3-4C75-AC13-7DDCE22E5825}.Release|Any CPU.Build.0 = Release|Any CPU
	EndGlobalSection
	GlobalSection(SolutionProperties) = preSolution
		HideSolutionNode = FALSE
	EndGlobalSection
	GlobalSection(ExtensibilityGlobals) = postSolution
		SolutionGuid = {06D318A4-DBEB-4676-B01F-EF48925AC6AC}
	EndGlobalSection
EndGlobal
